
Microsoft Visual Studio Solution File, Format Version 12.00
# Visual Studio Version 17
VisualStudioVersion = 17.13.35919.96
MinimumVisualStudioVersion = 10.0.40219.1
Project("{8BC9CEB8-8B4A-11D0-8D11-00A0C91BC942}") = "5lab", "5lab\5lab.vcxproj", "{50039DA2-4544-4915-B044-575461F55167}"
EndProject
Project("{8BC9CEB8-8B4A-11D0-8D11-00A0C91BC942}") = "4lab", "4lab\4lab.vcxproj", "{92AE550A-86B9-442E-AEAD-4123AAD61094}"
EndProject
Project("{8BC9CEB8-8B4A-11D0-8D11-00A0C91BC942}") = "3lab", "3lab\3lab.vcxproj", "{6A531A7C-D669-4DBC-AF41-0B04EF53EABE}"
EndProject
Project("{8BC9CEB8-8B4A-11D0-8D11-00A0C91BC942}") = "2lab", "2lab\2lab.vcxproj", "{6EA05517-214B-4664-8C28-2DA63FAC4622}"
EndProject
Project("{8BC9CEB8-8B4A-11D0-8D11-00A0C91BC942}") = "1lab", "1lab\1lab.vcxproj", "{4F3DC2A5-A6EE-4D42-AFBC-5056A63FFAA0}"
EndProject
Project("{8BC9CEB8-8B4A-11D0-8D11-00A0C91BC942}") = "6lab", "6lab\6lab.vcxproj", "{A3E8DF57-ACB8-4EC1-8694-85B96BE8730D}"
EndProject
Project("{8BC9CEB8-8B4A-11D0-8D11-00A0C91BC942}") = "7lab", "7lab\7lab.vcxproj", "{60F72505-41CA-4505-AD33-003380D3C53E}"
EndProject
Global
	GlobalSection(SolutionConfigurationPlatforms) = preSolution
		Debug|x64 = Debug|x64
		Debug|x86 = Debug|x86
		Release|x64 = Release|x64
		Release|x86 = Release|x86
	EndGlobalSection
	GlobalSection(ProjectConfigurationPlatforms) = postSolution
		{50039DA2-4544-4915-B044-575461F55167}.Debug|x64.ActiveCfg = Debug|x64
		{50039DA2-4544-4915-B044-575461F55167}.Debug|x64.Build.0 = Debug|x64
		{50039DA2-4544-4915-B044-575461F55167}.Debug|x86.ActiveCfg = Debug|Win32
		{50039DA2-4544-4915-B044-575461F55167}.Debug|x86.Build.0 = Debug|Win32
		{50039DA2-4544-4915-B044-575461F55167}.Release|x64.ActiveCfg = Release|x64
		{50039DA2-4544-4915-B044-575461F55167}.Release|x64.Build.0 = Release|x64
		{50039DA2-4544-4915-B044-575461F55167}.Release|x86.ActiveCfg = Release|Win32
		{50039DA2-4544-4915-B044-575461F55167}.Release|x86.Build.0 = Release|Win32
		{92AE550A-86B9-442E-AEAD-4123AAD61094}.Debug|x64.ActiveCfg = Debug|x64
		{92AE550A-86B9-442E-AEAD-4123AAD61094}.Debug|x64.Build.0 = Debug|x64
		{92AE550A-86B9-442E-AEAD-4123AAD61094}.Debug|x86.ActiveCfg = Debug|Win32
		{92AE550A-86B9-442E-AEAD-4123AAD61094}.Debug|x86.Build.0 = Debug|Win32
		{92AE550A-86B9-442E-AEAD-4123AAD61094}.Release|x64.ActiveCfg = Release|x64
		{92AE550A-86B9-442E-AEAD-4123AAD61094}.Release|x64.Build.0 = Release|x64
		{92AE550A-86B9-442E-AEAD-4123AAD61094}.Release|x86.ActiveCfg = Release|Win32
		{92AE550A-86B9-442E-AEAD-4123AAD61094}.Release|x86.Build.0 = Release|Win32
		{6A531A7C-D669-4DBC-AF41-0B04EF53EABE}.Debug|x64.ActiveCfg = Debug|x64
		{6A531A7C-D669-4DBC-AF41-0B04EF53EABE}.Debug|x64.Build.0 = Debug|x64
		{6A531A7C-D669-4DBC-AF41-0B04EF53EABE}.Debug|x86.ActiveCfg = Debug|Win32
		{6A531A7C-D669-4DBC-AF41-0B04EF53EABE}.Debug|x86.Build.0 = Debug|Win32
		{6A531A7C-D669-4DBC-AF41-0B04EF53EABE}.Release|x64.ActiveCfg = Release|x64
		{6A531A7C-D669-4DBC-AF41-0B04EF53EABE}.Release|x64.Build.0 = Release|x64
		{6A531A7C-D669-4DBC-AF41-0B04EF53EABE}.Release|x86.ActiveCfg = Release|Win32
		{6A531A7C-D669-4DBC-AF41-0B04EF53EABE}.Release|x86.Build.0 = Release|Win32
		{6EA05517-214B-4664-8C28-2DA63FAC4622}.Debug|x64.ActiveCfg = Debug|x64
		{6EA05517-214B-4664-8C28-2DA63FAC4622}.Debug|x64.Build.0 = Debug|x64
		{6EA05517-214B-4664-8C28-2DA63FAC4622}.Debug|x86.ActiveCfg = Debug|Win32
		{6EA05517-214B-4664-8C28-2DA63FAC4622}.Debug|x86.Build.0 = Debug|Win32
		{6EA05517-214B-4664-8C28-2DA63FAC4622}.Release|x64.ActiveCfg = Release|x64
		{6EA05517-214B-4664-8C28-2DA63FAC4622}.Release|x64.Build.0 = Release|x64
		{6EA05517-214B-4664-8C28-2DA63FAC4622}.Release|x86.ActiveCfg = Release|Win32
		{6EA05517-214B-4664-8C28-2DA63FAC4622}.Release|x86.Build.0 = Release|Win32
		{4F3DC2A5-A6EE-4D42-AFBC-5056A63FFAA0}.Debug|x64.ActiveCfg = Debug|x64
		{4F3DC2A5-A6EE-4D42-AFBC-5056A63FFAA0}.Debug|x64.Build.0 = Debug|x64
		{4F3DC2A5-A6EE-4D42-AFBC-5056A63FFAA0}.Debug|x86.ActiveCfg = Debug|Win32
		{4F3DC2A5-A6EE-4D42-AFBC-5056A63FFAA0}.Debug|x86.Build.0 = Debug|Win32
		{4F3DC2A5-A6EE-4D42-AFBC-5056A63FFAA0}.Release|x64.ActiveCfg = Release|x64
		{4F3DC2A5-A6EE-4D42-AFBC-5056A63FFAA0}.Release|x64.Build.0 = Release|x64
		{4F3DC2A5-A6EE-4D42-AFBC-5056A63FFAA0}.Release|x86.ActiveCfg = Release|Win32
		{4F3DC2A5-A6EE-4D42-AFBC-5056A63FFAA0}.Release|x86.Build.0 = Release|Win32
		{A3E8DF57-ACB8-4EC1-8694-85B96BE8730D}.Debug|x64.ActiveCfg = Debug|x64
		{A3E8DF57-ACB8-4EC1-8694-85B96BE8730D}.Debug|x64.Build.0 = Debug|x64
		{A3E8DF57-ACB8-4EC1-8694-85B96BE8730D}.Debug|x86.ActiveCfg = Debug|Win32
		{A3E8DF57-ACB8-4EC1-8694-85B96BE8730D}.Debug|x86.Build.0 = Debug|Win32
		{A3E8DF57-ACB8-4EC1-8694-85B96BE8730D}.Release|x64.ActiveCfg = Release|x64
		{A3E8DF57-ACB8-4EC1-8694-85B96BE8730D}.Release|x64.Build.0 = Release|x64
		{A3E8DF57-ACB8-4EC1-8694-85B96BE8730D}.Release|x86.ActiveCfg = Release|Win32
		{A3E8DF57-ACB8-4EC1-8694-85B96BE8730D}.Release|x86.Build.0 = Release|Win32
		{60F72505-41CA-4505-AD33-003380D3C53E}.Debug|x64.ActiveCfg = Debug|x64
		{60F72505-41CA-4505-AD33-003380D3C53E}.Debug|x64.Build.0 = Debug|x64
		{60F72505-41CA-4505-AD33-003380D3C53E}.Debug|x86.ActiveCfg = Debug|Win32
		{60F72505-41CA-4505-AD33-003380D3C53E}.Debug|x86.Build.0 = Debug|Win32
		{60F72505-41CA-4505-AD33-003380D3C53E}.Release|x64.ActiveCfg = Release|x64
		{60F72505-41CA-4505-AD33-003380D3C53E}.Release|x64.Build.0 = Release|x64
		{60F72505-41CA-4505-AD33-003380D3C53E}.Release|x86.ActiveCfg = Release|Win32
		{60F72505-41CA-4505-AD33-003380D3C53E}.Release|x86.Build.0 = Release|Win32
	EndGlobalSection
	GlobalSection(SolutionProperties) = preSolution
		HideSolutionNode = FALSE
	EndGlobalSection
	GlobalSection(ExtensibilityGlobals) = postSolution
		SolutionGuid = {C152029E-5CB0-4FC7-8542-4B3589DE2CE4}
	EndGlobalSection
EndGlobal
